# This file is automatically @generated by Poetry 1.8.4 and should not be changed by hand.

[[package]]
name = "annotated-types"
version = "0.7.0"
description = "Reusable constraint types to use with typing.Annotated"
optional = false
python-versions = ">=3.8"
files = [
    {file = "annotated_types-0.7.0-py3-none-any.whl", hash = "sha256:1f02e8b43a8fbbc3f3e0d4f0f4bfc8131bcb4eebe8849b8e5c773f3a1c582a53"},
    {file = "annotated_types-0.7.0.tar.gz", hash = "sha256:aff07c09a53a08bc8cfccb9c85b05f1aa9a2a6f23728d790723543408344ce89"},
]

[[package]]
name = "anyio"
version = "4.6.2.post1"
description = "High level compatibility layer for multiple asynchronous event loop implementations"
optional = false
python-versions = ">=3.9"
files = [
    {file = "anyio-4.6.2.post1-py3-none-any.whl", hash = "sha256:6d170c36fba3bdd840c73d3868c1e777e33676a69c3a72cf0a0d5d6d8009b61d"},
    {file = "anyio-4.6.2.post1.tar.gz", hash = "sha256:4c8bc31ccdb51c7f7bd251f51c609e038d63e34219b44aa86e47576389880b4c"},
]

[package.dependencies]
idna = ">=2.8"
sniffio = ">=1.1"

[package.extras]
doc = ["Sphinx (>=7.4,<8.0)", "packaging", "sphinx-autodoc-typehints (>=1.2.0)", "sphinx-rtd-theme"]
test = ["anyio[trio]", "coverage[toml] (>=7)", "exceptiongroup (>=1.2.0)", "hypothesis (>=4.0)", "psutil (>=5.9)", "pytest (>=7.0)", "pytest-mock (>=3.6.1)", "trustme", "truststore (>=0.9.1)", "uvloop (>=0.21.0b1)"]
trio = ["trio (>=0.26.1)"]

[[package]]
name = "certifi"
version = "2024.8.30"
description = "Python package for providing Mozilla's CA Bundle."
optional = false
python-versions = ">=3.6"
files = [
    {file = "certifi-2024.8.30-py3-none-any.whl", hash = "sha256:922820b53db7a7257ffbda3f597266d435245903d80737e34f8a45ff3e3230d8"},
    {file = "certifi-2024.8.30.tar.gz", hash = "sha256:bec941d2aa8195e248a60b31ff9f0558284cf01a52591ceda73ea9afffd69fd9"},
]

[[package]]
name = "colorama"
version = "0.4.6"
description = "Cross-platform colored terminal text."
optional = false
python-versions = "!=3.0.*,!=3.1.*,!=3.2.*,!=3.3.*,!=3.4.*,!=3.5.*,!=3.6.*,>=2.7"
files = [
    {file = "colorama-0.4.6-py2.py3-none-any.whl", hash = "sha256:4f1d9991f5acc0ca119f9d443620b77f9d6b33703e51011c16baf57afb285fc6"},
    {file = "colorama-0.4.6.tar.gz", hash = "sha256:08695f5cb7ed6e0531a20572697297273c47b8cae5a63ffc6d6ed5c201be6e44"},
]

[[package]]
name = "distro"
version = "1.9.0"
description = "Distro - an OS platform information API"
optional = false
python-versions = ">=3.6"
files = [
    {file = "distro-1.9.0-py3-none-any.whl", hash = "sha256:7bffd925d65168f85027d8da9af6bddab658135b840670a223589bc0c8ef02b2"},
    {file = "distro-1.9.0.tar.gz", hash = "sha256:2fa77c6fd8940f116ee1d6b94a2f90b13b5ea8d019b98bc8bafdcabcdd9bdbed"},
]

[[package]]
name = "h11"
version = "0.14.0"
description = "A pure-Python, bring-your-own-I/O implementation of HTTP/1.1"
optional = false
python-versions = ">=3.7"
files = [
    {file = "h11-0.14.0-py3-none-any.whl", hash = "sha256:e3fe4ac4b851c468cc8363d500db52c2ead036020723024a109d37346efaa761"},
    {file = "h11-0.14.0.tar.gz", hash = "sha256:8f19fbbe99e72420ff35c00b27a34cb9937e902a8b810e2c88300c6f0a3b699d"},
]

[[package]]
name = "httpcore"
version = "1.0.6"
description = "A minimal low-level HTTP client."
optional = false
python-versions = ">=3.8"
files = [
    {file = "httpcore-1.0.6-py3-none-any.whl", hash = "sha256:27b59625743b85577a8c0e10e55b50b5368a4f2cfe8cc7bcfa9cf00829c2682f"},
    {file = "httpcore-1.0.6.tar.gz", hash = "sha256:73f6dbd6eb8c21bbf7ef8efad555481853f5f6acdeaff1edb0694289269ee17f"},
]

[package.dependencies]
certifi = "*"
h11 = ">=0.13,<0.15"

[package.extras]
asyncio = ["anyio (>=4.0,<5.0)"]
http2 = ["h2 (>=3,<5)"]
socks = ["socksio (==1.*)"]
trio = ["trio (>=0.22.0,<1.0)"]

[[package]]
name = "httpx"
version = "0.27.2"
description = "The next generation HTTP client."
optional = false
python-versions = ">=3.8"
files = [
    {file = "httpx-0.27.2-py3-none-any.whl", hash = "sha256:7bb2708e112d8fdd7829cd4243970f0c223274051cb35ee80c03301ee29a3df0"},
    {file = "httpx-0.27.2.tar.gz", hash = "sha256:f7c2be1d2f3c3c3160d441802406b206c2b76f5947b11115e6df10c6c65e66c2"},
]

[package.dependencies]
anyio = "*"
certifi = "*"
httpcore = "==1.*"
idna = "*"
sniffio = "*"

[package.extras]
brotli = ["brotli", "brotlicffi"]
cli = ["click (==8.*)", "pygments (==2.*)", "rich (>=10,<14)"]
http2 = ["h2 (>=3,<5)"]
socks = ["socksio (==1.*)"]
zstd = ["zstandard (>=0.18.0)"]

[[package]]
name = "idna"
version = "3.10"
description = "Internationalized Domain Names in Applications (IDNA)"
optional = false
python-versions = ">=3.6"
files = [
    {file = "idna-3.10-py3-none-any.whl", hash = "sha256:946d195a0d259cbba61165e88e65941f16e9b36ea6ddb97f00452bae8b1287d3"},
    {file = "idna-3.10.tar.gz", hash = "sha256:12f65c9b470abda6dc35cf8e63cc574b1c52b11df2c86030af0ac09b01b13ea9"},
]

[package.extras]
all = ["flake8 (>=7.1.1)", "mypy (>=1.11.2)", "pytest (>=8.3.2)", "ruff (>=0.6.2)"]

[[package]]
name = "jiter"
version = "0.12.0"
description = "Fast iterable JSON parser."
optional = false
python-versions = ">=3.9"
files = [
    {file = "jiter-0.12.0-cp310-cp310-macosx_10_12_x86_64.whl", hash = "sha256:e7acbaba9703d5de82a2c98ae6a0f59ab9770ab5af5fa35e43a303aee962cf65"},
    {file = "jiter-0.12.0-cp310-cp310-macosx_11_0_arm64.whl", hash = "sha256:364f1a7294c91281260364222f535bc427f56d4de1d8ffd718162d21fbbd602e"},
    {file = "jiter-0.12.0-cp310-cp310-manylinux_2_17_aarch64.manylinux2014_aarch64.whl", hash = "sha256:85ee4d25805d4fb23f0a5167a962ef8e002dbfb29c0989378488e32cf2744b62"},
    {file = "jiter-0.12.0-cp310-cp310-manylinux_2_17_armv7l.manylinux2014_armv7l.whl", hash = "sha256:796f466b7942107eb889c08433b6e31b9a7ed31daceaecf8af1be26fb26c0ca8"},
    {file = "jiter-0.12.0-cp310-cp310-manylinux_2_17_ppc64le.manylinux2014_ppc64le.whl", hash = "sha256:35506cb71f47dba416694e67af996bbdefb8e3608f1f78799c2e1f9058b01ceb"},
    {file = "jiter-0.12.0-cp310-cp310-manylinux_2_17_s390x.manylinux2014_s390x.whl", hash = "sha256:726c764a90c9218ec9e4f99a33d6bf5ec169163f2ca0fc21b654e88c2abc0abc"},
    {file = "jiter-0.12.0-cp310-cp310-manylinux_2_17_x86_64.manylinux2014_x86_64.whl", hash = "sha256:baa47810c5565274810b726b0dc86d18dce5fd17b190ebdc3890851d7b2a0e74"},
    {file = "jiter-0.12.0-cp310-cp310-manylinux_2_5_i686.manylinux1_i686.whl", hash = "sha256:f8ec0259d3f26c62aed4d73b198c53e316ae11f0f69c8fbe6682c6dcfa0fcce2"},
    {file = "jiter-0.12.0-cp310-cp310-musllinux_1_1_aarch64.whl", hash = "sha256:79307d74ea83465b0152fa23e5e297149506435535282f979f18b9033c0bb025"},
    {file = "jiter-0.12.0-cp310-cp310-musllinux_1_1_x86_64.whl", hash = "sha256:cf6e6dd18927121fec86739f1a8906944703941d000f0639f3eb6281cc601dca"},
    {file = "jiter-0.12.0-cp310-cp310-win32.whl", hash = "sha256:b6ae2aec8217327d872cbfb2c1694489057b9433afce447955763e6ab015b4c4"},
    {file = "jiter-0.12.0-cp310-cp310-win_amd64.whl", hash = "sha256:c7f49ce90a71e44f7e1aa9e7ec415b9686bbc6a5961e57eab511015e6759bc11"},
    {file = "jiter-0.12.0-cp311-cp311-macosx_10_12_x86_64.whl", hash = "sha256:d8f8a7e317190b2c2d60eb2e8aa835270b008139562d70fe732e1c0020ec53c9"},
    {file = "jiter-0.12.0-cp311-cp311-macosx_11_0_arm64.whl", hash = "sha256:2218228a077e784c6c8f1a8e5d6b8cb1dea62ce25811c356364848554b2056cd"},
    {file = "jiter-0.12.0-cp311-cp311-manylinux_2_17_aarch64.manylinux2014_aarch64.whl", hash = "sha256:9354ccaa2982bf2188fd5f57f79f800ef622ec67beb8329903abf6b10da7d423"},
    {file = "jiter-0.12.0-cp311-cp311-manylinux_2_17_armv7l.manylinux2014_armv7l.whl", hash = "sha256:8f2607185ea89b4af9a604d4c7ec40e45d3ad03ee66998b031134bc510232bb7"},
    {file = "jiter-0.12.0-cp311-cp311-manylinux_2_17_ppc64le.manylinux2014_ppc64le.whl", hash = "sha256:3a585a5e42d25f2e71db5f10b171f5e5ea641d3aa44f7df745aa965606111cc2"},
    {file = "jiter-0.12.0-cp311-cp311-manylinux_2_17_s390x.manylinux2014_s390x.whl", hash = "sha256:bd9e21d34edff5a663c631f850edcb786719c960ce887a5661e9c828a53a95d9"},
    {file = "jiter-0.12.0-cp311-cp311-manylinux_2_17_x86_64.manylinux2014_x86_64.whl", hash = "sha256:4a612534770470686cd5431478dc5a1b660eceb410abade6b1b74e320ca98de6"},
    {file = "jiter-0.12.0-cp311-cp311-manylinux_2_5_i686.manylinux1_i686.whl", hash = "sha256:3985aea37d40a908f887b34d05111e0aae822943796ebf8338877fee2ab67725"},
    {file = "jiter-0.12.0-cp311-cp311-musllinux_1_1_aarch64.whl", hash = "sha256:b1207af186495f48f72529f8d86671903c8c10127cac6381b11dddc4aaa52df6"},
    {file = "jiter-0.12.0-cp311-cp311-musllinux_1_1_x86_64.whl", hash = "sha256:ef2fb241de583934c9915a33120ecc06d94aa3381a134570f59eed784e87001e"},
    {file = "jiter-0.12.0-cp311-cp311-win32.whl", hash = "sha256:453b6035672fecce8007465896a25b28a6b59cfe8fbc974b2563a92f5a92a67c"},
    {file = "jiter-0.12.0-cp311-cp311-win_amd64.whl", hash = "sha256:ca264b9603973c2ad9435c71a8ec8b49f8f715ab5ba421c85a51cde9887e421f"},
    {file = "jiter-0.12.0-cp311-cp311-win_arm64.whl", hash = "sha256:cb00ef392e7d684f2754598c02c409f376ddcef857aae796d559e6cacc2d78a5"},
    {file = "jiter-0.12.0-cp312-cp312-macosx_10_12_x86_64.whl", hash = "sha256:305e061fa82f4680607a775b2e8e0bcb071cd2205ac38e6ef48c8dd5ebe1cf37"},
    {file = "jiter-0.12.0-cp312-cp312-macosx_11_0_arm64.whl", hash = "sha256:5c1860627048e302a528333c9307c818c547f214d8659b0705d2195e1a94b274"},
    {file = "jiter-0.12.0-cp312-cp312-manylinux_2_17_aarch64.manylinux2014_aarch64.whl", hash = "sha256:df37577a4f8408f7e0ec3205d2a8f87672af8f17008358063a4d6425b6081ce3"},
    {file = "jiter-0.12.0-cp312-cp312-manylinux_2_17_armv7l.manylinux2014_armv7l.whl", hash = "sha256:75fdd787356c1c13a4f40b43c2156276ef7a71eb487d98472476476d803fb2cf"},
    {file = "jiter-0.12.0-cp312-cp312-manylinux_2_17_ppc64le.manylinux2014_ppc64le.whl", hash = "sha256:1eb5db8d9c65b112aacf14fcd0faae9913d07a8afea5ed06ccdd12b724e966a1"},
    {file = "jiter-0.12.0-cp312-cp312-manylinux_2_17_s390x.manylinux2014_s390x.whl", hash = "sha256:73c568cc27c473f82480abc15d1301adf333a7ea4f2e813d6a2c7d8b6ba8d0df"},
    {file = "jiter-0.12.0-cp312-cp312-manylinux_2_17_x86_64.manylinux2014_x86_64.whl", hash = "sha256:4321e8a3d868919bcb1abb1db550d41f2b5b326f72df29e53b2df8b006eb9403"},
    {file = "jiter-0.12.0-cp312-cp312-manylinux_2_5_i686.manylinux1_i686.whl", hash = "sha256:0a51bad79f8cc9cac2b4b705039f814049142e0050f30d91695a2d9a6611f126"},
    {file = "jiter-0.12.0-cp312-cp312-musllinux_1_1_aarch64.whl", hash = "sha256:2a67b678f6a5f1dd6c36d642d7db83e456bc8b104788262aaefc11a22339f5a9"},
    {file = "jiter-0.12.0-cp312-cp312-musllinux_1_1_x86_64.whl", hash = "sha256:efe1a211fe1fd14762adea941e3cfd6c611a136e28da6c39272dbb7a1bbe6a86"},
    {file = "jiter-0.12.0-cp312-cp312-win32.whl", hash = "sha256:d779d97c834b4278276ec703dc3fc1735fca50af63eb7262f05bdb4e62203d44"},
    {file = "jiter-0.12.0-cp312-cp312-win_amd64.whl", hash = "sha256:e8269062060212b373316fe69236096aaf4c49022d267c6736eebd66bbbc60bb"},
    {file = "jiter-0.12.0-cp312-cp312-win_arm64.whl", hash = "sha256:06cb970936c65de926d648af0ed3d21857f026b1cf5525cb2947aa5e01e05789"},
    {file = "jiter-0.12.0-cp313-cp313-macosx_10_12_x86_64.whl", hash = "sha256:6cc49d5130a14b732e0612bc76ae8db3b49898732223ef8b7599aa8d9810683e"},
    {file = "jiter-0.12.0-cp313-cp313-macosx_11_0_arm64.whl", hash = "sha256:37f27a32ce36364d2fa4f7fdc507279db604d27d239ea2e044c8f148410defe1"},
    {file = "jiter-0.12.0-cp313-cp313-manylinux_2_17_aarch64.manylinux2014_aarch64.whl", hash = "sha256:bbc0944aa3d4b4773e348cda635252824a78f4ba44328e042ef1ff3f6080d1cf"},
    {file = "jiter-0.12.0-cp313-cp313-manylinux_2_17_armv7l.manylinux2014_armv7l.whl", hash = "sha256:da25c62d4ee1ffbacb97fac6dfe4dcd6759ebdc9015991e92a6eae5816287f44"},
    {file = "jiter-0.12.0-cp313-cp313-manylinux_2_17_ppc64le.manylinux2014_ppc64le.whl", hash = "sha256:048485c654b838140b007390b8182ba9774621103bd4d77c9c3f6f117474ba45"},
    {file = "jiter-0.12.0-cp313-cp313-manylinux_2_17_s390x.manylinux2014_s390x.whl", hash = "sha256:635e737fbb7315bef0037c19b88b799143d2d7d3507e61a76751025226b3ac87"},
    {file = "jiter-0.12.0-cp313-cp313-manylinux_2_17_x86_64.manylinux2014_x86_64.whl", hash = "sha256:4e017c417b1ebda911bd13b1e40612704b1f5420e30695112efdbed8a4b389ed"},
    {file = "jiter-0.12.0-cp313-cp313-manylinux_2_5_i686.manylinux1_i686.whl", hash = "sha256:89b0bfb8b2bf2351fba36bb211ef8bfceba73ef58e7f0c68fb67b5a2795ca2f9"},
    {file = "jiter-0.12.0-cp313-cp313-musllinux_1_1_aarch64.whl", hash = "sha256:f5aa5427a629a824a543672778c9ce0c5e556550d1569bb6ea28a85015287626"},
    {file = "jiter-0.12.0-cp313-cp313-musllinux_1_1_x86_64.whl", hash = "sha256:ed53b3d6acbcb0fd0b90f20c7cb3b24c357fe82a3518934d4edfa8c6898e498c"},
    {file = "jiter-0.12.0-cp313-cp313-win32.whl", hash = "sha256:4747de73d6b8c78f2e253a2787930f4fffc68da7fa319739f57437f95963c4de"},
    {file = "jiter-0.12.0-cp313-cp313-win_amd64.whl", hash = "sha256:e25012eb0c456fcc13354255d0338cd5397cce26c77b2832b3c4e2e255ea5d9a"},
    {file = "jiter-0.12.0-cp313-cp313-win_arm64.whl", hash = "sha256:c97b92c54fe6110138c872add030a1f99aea2401ddcdaa21edf74705a646dd60"},
    {file = "jiter-0.12.0-cp313-cp313t-macosx_11_0_arm64.whl", hash = "sha256:53839b35a38f56b8be26a7851a48b89bc47e5d88e900929df10ed93b95fea3d6"},
    {file = "jiter-0.12.0-cp313-cp313t-manylinux_2_17_aarch64.manylinux2014_aarch64.whl", hash = "sha256:94f669548e55c91ab47fef8bddd9c954dab1938644e715ea49d7e117015110a4"},
    {file = "jiter-0.12.0-cp313-cp313t-manylinux_2_17_x86_64.manylinux2014_x86_64.whl", hash = "sha256:351d54f2b09a41600ffea43d081522d792e81dcfb915f6d2d242744c1cc48beb"},
    {file = "jiter-0.12.0-cp313-cp313t-win_amd64.whl", hash = "sha256:2a5e90604620f94bf62264e7c2c038704d38217b7465b863896c6d7c902b06c7"},
    {file = "jiter-0.12.0-cp313-cp313t-win_arm64.whl", hash = "sha256:88ef757017e78d2860f96250f9393b7b577b06a956ad102c29c8237554380db3"},
    {file = "jiter-0.12.0-cp314-cp314-macosx_10_12_x86_64.whl", hash = "sha256:c46d927acd09c67a9fb1416df45c5a04c27e83aae969267e98fba35b74e99525"},
    {file = "jiter-0.12.0-cp314-cp314-macosx_11_0_arm64.whl", hash = "sha256:774ff60b27a84a85b27b88cd5583899c59940bcc126caca97eb2a9df6aa00c49"},
    {file = "jiter-0.12.0-cp314-cp314-manylinux_2_17_aarch64.manylinux2014_aarch64.whl", hash = "sha256:c5433fab222fb072237df3f637d01b81f040a07dcac1cb4a5c75c7aa9ed0bef1"},
    {file = "jiter-0.12.0-cp314-cp314-manylinux_2_17_armv7l.manylinux2014_armv7l.whl", hash = "sha256:f8c593c6e71c07866ec6bfb790e202a833eeec885022296aff6b9e0b92d6a70e"},
    {file = "jiter-0.12.0-cp314-cp314-manylinux_2_17_ppc64le.manylinux2014_ppc64le.whl", hash = "sha256:90d32894d4c6877a87ae00c6b915b609406819dce8bc0d4e962e4de2784e567e"},
    {file = "jiter-0.12.0-cp314-cp314-manylinux_2_17_s390x.manylinux2014_s390x.whl", hash = "sha256:798e46eed9eb10c3adbbacbd3bdb5ecd4cf7064e453d00dbef08802dae6937ff"},
    {file = "jiter-0.12.0-cp314-cp314-manylinux_2_17_x86_64.manylinux2014_x86_64.whl", hash = "sha256:b3f1368f0a6719ea80013a4eb90ba72e75d7ea67cfc7846db2ca504f3df0169a"},
    {file = "jiter-0.12.0-cp314-cp314-manylinux_2_5_i686.manylinux1_i686.whl", hash = "sha256:65f04a9d0b4406f7e51279710b27484af411896246200e461d80d3ba0caa901a"},
    {file = "jiter-0.12.0-cp314-cp314-musllinux_1_1_aarch64.whl", hash = "sha256:fd990541982a24281d12b67a335e44f117e4c6cbad3c3b75c7dea68bf4ce3a67"},
    {file = "jiter-0.12.0-cp314-cp314-musllinux_1_1_x86_64.whl", hash = "sha256:b111b0e9152fa7df870ecaebb0bd30240d9f7fff1f2003bcb4ed0f519941820b"},
    {file = "jiter-0.12.0-cp314-cp314-win32.whl", hash = "sha256:a78befb9cc0a45b5a5a0d537b06f8544c2ebb60d19d02c41ff15da28a9e22d42"},
    {file = "jiter-0.12.0-cp314-cp314-win_amd64.whl", hash = "sha256:e1fe01c082f6aafbe5c8faf0ff074f38dfb911d53f07ec333ca03f8f6226debf"},
    {file = "jiter-0.12.0-cp314-cp314-win_arm64.whl", hash = "sha256:d72f3b5a432a4c546ea4bedc84cce0c3404874f1d1676260b9c7f048a9855451"},
    {file = "jiter-0.12.0-cp314-cp314t-macosx_11_0_arm64.whl", hash = "sha256:e6ded41aeba3603f9728ed2b6196e4df875348ab97b28fc8afff115ed42ba7a7"},
    {file = "jiter-0.12.0-cp314-cp314t-manylinux_2_17_aarch64.manylinux2014_aarch64.whl", hash = "sha256:a947920902420a6ada6ad51892082521978e9dd44a802663b001436e4b771684"},
    {file = "jiter-0.12.0-cp314-cp314t-manylinux_2_17_armv7l.manylinux2014_armv7l.whl", hash = "sha256:add5e227e0554d3a52cf390a7635edaffdf4f8fce4fdbcef3cc2055bb396a30c"},
    {file = "jiter-0.12.0-cp314-cp314t-manylinux_2_17_ppc64le.manylinux2014_ppc64le.whl", hash = "sha256:3f9b1cda8fcb736250d7e8711d4580ebf004a46771432be0ae4796944b5dfa5d"},
    {file = "jiter-0.12.0-cp314-cp314t-manylinux_2_17_s390x.manylinux2014_s390x.whl", hash = "sha256:deeb12a2223fe0135c7ff1356a143d57f95bbf1f4a66584f1fc74df21d86b993"},
    {file = "jiter-0.12.0-cp314-cp314t-manylinux_2_17_x86_64.manylinux2014_x86_64.whl", hash = "sha256:c596cc0f4cb574877550ce4ecd51f8037469146addd676d7c1a30ebe6391923f"},
    {file = "jiter-0.12.0-cp314-cp314t-manylinux_2_5_i686.manylinux1_i686.whl", hash = "sha256:5ab4c823b216a4aeab3fdbf579c5843165756bd9ad87cc6b1c65919c4715f783"},
    {file = "jiter-0.12.0-cp314-cp314t-musllinux_1_1_aarch64.whl", hash = "sha256:e427eee51149edf962203ff8db75a7514ab89be5cb623fb9cea1f20b54f1107b"},
    {file = "jiter-0.12.0-cp314-cp314t-musllinux_1_1_x86_64.whl", hash = "sha256:edb868841f84c111255ba5e80339d386d937ec1fdce419518ce1bd9370fac5b6"},
    {file = "jiter-0.12.0-cp314-cp314t-win32.whl", hash = "sha256:8bbcfe2791dfdb7c5e48baf646d37a6a3dcb5a97a032017741dea9f817dca183"},
    {file = "jiter-0.12.0-cp314-cp314t-win_amd64.whl", hash = "sha256:2fa940963bf02e1d8226027ef461e36af472dea85d36054ff835aeed944dd873"},
    {file = "jiter-0.12.0-cp314-cp314t-win_arm64.whl", hash = "sha256:506c9708dd29b27288f9f8f1140c3cb0e3d8ddb045956d7757b1fa0e0f39a473"},
    {file = "jiter-0.12.0-cp39-cp39-macosx_10_12_x86_64.whl", hash = "sha256:c9d28b218d5f9e5f69a0787a196322a5056540cb378cac8ff542b4fa7219966c"},
    {file = "jiter-0.12.0-cp39-cp39-macosx_11_0_arm64.whl", hash = "sha256:d0ee12028daf8cfcf880dd492349a122a64f42c059b6c62a2b0c96a83a8da820"},
    {file = "jiter-0.12.0-cp39-cp39-manylinux_2_17_aarch64.manylinux2014_aarch64.whl", hash = "sha256:1b135ebe757a82d67ed2821526e72d0acf87dd61f6013e20d3c45b8048af927b"},
    {file = "jiter-0.12.0-cp39-cp39-manylinux_2_17_armv7l.manylinux2014_armv7l.whl", hash = "sha256:15d7fafb81af8a9e3039fc305529a61cd933eecee33b4251878a1c89859552a3"},
    {file = "jiter-0.12.0-cp39-cp39-manylinux_2_17_ppc64le.manylinux2014_ppc64le.whl", hash = "sha256:92d1f41211d8a8fe412faad962d424d334764c01dac6691c44691c2e4d3eedaf"},
    {file = "jiter-0.12.0-cp39-cp39-manylinux_2_17_s390x.manylinux2014_s390x.whl", hash = "sha256:3a64a48d7c917b8f32f25c176df8749ecf08cec17c466114727efe7441e17f6d"},
    {file = "jiter-0.12.0-cp39-cp39-manylinux_2_17_x86_64.manylinux2014_x86_64.whl", hash = "sha256:122046f3b3710b85de99d9aa2f3f0492a8233a2f54a64902b096efc27ea747b5"},
    {file = "jiter-0.12.0-cp39-cp39-manylinux_2_5_i686.manylinux1_i686.whl", hash = "sha256:27ec39225e03c32c6b863ba879deb427882f243ae46f0d82d68b695fa5b48b40"},
    {file = "jiter-0.12.0-cp39-cp39-musllinux_1_1_aarch64.whl", hash = "sha256:26b9e155ddc132225a39b1995b3b9f0fe0f79a6d5cbbeacf103271e7d309b404"},
    {file = "jiter-0.12.0-cp39-cp39-musllinux_1_1_x86_64.whl", hash = "sha256:9ab05b7c58e29bb9e60b70c2e0094c98df79a1e42e397b9bb6eaa989b7a66dd0"},
    {file = "jiter-0.12.0-cp39-cp39-win32.whl", hash = "sha256:59f9f9df87ed499136db1c2b6c9efb902f964bed42a582ab7af413b6a293e7b0"},
    {file = "jiter-0.12.0-cp39-cp39-win_amd64.whl", hash = "sha256:d3719596a1ebe7a48a498e8d5d0c4bf7553321d4c3eee1d620628d51351a3928"},
    {file = "jiter-0.12.0-graalpy311-graalpy242_311_native-macosx_10_12_x86_64.whl", hash = "sha256:4739a4657179ebf08f85914ce50332495811004cc1747852e8b2041ed2aab9b8"},
    {file = "jiter-0.12.0-graalpy311-graalpy242_311_native-macosx_11_0_arm64.whl", hash = "sha256:41da8def934bf7bec16cb24bd33c0ca62126d2d45d81d17b864bd5ad721393c3"},
    {file = "jiter-0.12.0-graalpy311-graalpy242_311_native-manylinux_2_17_aarch64.manylinux2014_aarch64.whl", hash = "sha256:9c44ee814f499c082e69872d426b624987dbc5943ab06e9bbaa4f81989fdb79e"},
    {file = "jiter-0.12.0-graalpy311-graalpy242_311_native-manylinux_2_17_x86_64.manylinux2014_x86_64.whl", hash = "sha256:cd2097de91cf03eaa27b3cbdb969addf83f0179c6afc41bbc4513705e013c65d"},
    {file = "jiter-0.12.0-graalpy312-graalpy250_312_native-macosx_10_12_x86_64.whl", hash = "sha256:e8547883d7b96ef2e5fe22b88f8a4c8725a56e7f4abafff20fd5272d634c7ecb"},
    {file = "jiter-0.12.0-graalpy312-graalpy250_312_native-macosx_11_0_arm64.whl", hash = "sha256:89163163c0934854a668ed783a2546a0617f71706a2551a4a0666d91ab365d6b"},
    {file = "jiter-0.12.0-graalpy312-graalpy250_312_native-manylinux_2_17_aarch64.manylinux2014_aarch64.whl", hash = "sha256:d96b264ab7d34bbb2312dedc47ce07cd53f06835eacbc16dde3761f47c3a9e7f"},
    {file = "jiter-0.12.0-graalpy312-graalpy250_312_native-manylinux_2_17_x86_64.manylinux2014_x86_64.whl", hash = "sha256:c24e864cb30ab82311c6425655b0cdab0a98c5d973b065c66a3f020740c2324c"},
    {file = "jiter-0.12.0.tar.gz", hash = "sha256:64dfcd7d5c168b38d3f9f8bba7fc639edb3418abcc74f22fdbe6b8938293f30b"},
]

[[package]]
name = "openai"
version = "2.15.0"
description = "The official Python library for the openai API"
optional = false
python-versions = ">=3.9"
files = [
    {file = "openai-2.15.0-py3-none-any.whl", hash = "sha256:6ae23b932cd7230f7244e52954daa6602716d6b9bf235401a107af731baea6c3"},
    {file = "openai-2.15.0.tar.gz", hash = "sha256:42eb8cbb407d84770633f31bf727d4ffb4138711c670565a41663d9439174fba"},
]

[package.dependencies]
anyio = ">=3.5.0,<5"
distro = ">=1.7.0,<2"
httpx = ">=0.23.0,<1"
jiter = ">=0.10.0,<1"
pydantic = ">=1.9.0,<3"
sniffio = "*"
tqdm = ">4"
typing-extensions = ">=4.11,<5"

[package.extras]
aiohttp = ["aiohttp", "httpx-aiohttp (>=0.1.9)"]
datalib = ["numpy (>=1)", "pandas (>=1.2.3)", "pandas-stubs (>=1.1.0.11)"]
realtime = ["websockets (>=13,<16)"]
voice-helpers = ["numpy (>=2.0.2)", "sounddevice (>=0.5.1)"]

[[package]]
name = "pydantic"
version = "2.9.2"
description = "Data validation using Python type hints"
optional = false
python-versions = ">=3.8"
files = [
    {file = "pydantic-2.9.2-py3-none-any.whl", hash = "sha256:f048cec7b26778210e28a0459867920654d48e5e62db0958433636cde4254f12"},
    {file = "pydantic-2.9.2.tar.gz", hash = "sha256:d155cef71265d1e9807ed1c32b4c8deec042a44a50a4188b25ac67ecd81a9c0f"},
]

[package.dependencies]
annotated-types = ">=0.6.0"
pydantic-core = "2.23.4"
typing-extensions = [
    {version = ">=4.12.2", markers = "python_version >= \"3.13\""},
    {version = ">=4.6.1", markers = "python_version < \"3.13\""},
]

[package.extras]
email = ["email-validator (>=2.0.0)"]
timezone = ["tzdata"]

[[package]]
name = "pydantic-core"
version = "2.23.4"
description = "Core functionality for Pydantic validation and serialization"
optional = false
python-versions = ">=3.8"
files = [
    {file = "pydantic_core-2.23.4-cp310-cp310-macosx_10_12_x86_64.whl", hash = "sha256:b10bd51f823d891193d4717448fab065733958bdb6a6b351967bd349d48d5c9b"},
    {file = "pydantic_core-2.23.4-cp310-cp310-macosx_11_0_arm64.whl", hash = "sha256:4fc714bdbfb534f94034efaa6eadd74e5b93c8fa6315565a222f7b6f42ca1166"},
    {file = "pydantic_core-2.23.4-cp310-cp310-manylinux_2_17_aarch64.manylinux2014_aarch64.whl", hash = "sha256:63e46b3169866bd62849936de036f901a9356e36376079b05efa83caeaa02ceb"},
    {file = "pydantic_core-2.23.4-cp310-cp310-manylinux_2_17_armv7l.manylinux2014_armv7l.whl", hash = "sha256:ed1a53de42fbe34853ba90513cea21673481cd81ed1be739f7f2efb931b24916"},
    {file = "pydantic_core-2.23.4-cp310-cp310-manylinux_2_17_ppc64le.manylinux2014_ppc64le.whl", hash = "sha256:cfdd16ab5e59fc31b5e906d1a3f666571abc367598e3e02c83403acabc092e07"},
    {file = "pydantic_core-2.23.4-cp310-cp310-manylinux_2_17_s390x.manylinux2014_s390x.whl", hash = "sha256:255a8ef062cbf6674450e668482456abac99a5583bbafb73f9ad469540a3a232"},
    {file = "pydantic_core-2.23.4-cp310-cp310-manylinux_2_17_x86_64.manylinux2014_x86_64.whl", hash = "sha256:4a7cd62e831afe623fbb7aabbb4fe583212115b3ef38a9f6b71869ba644624a2"},
    {file = "pydantic_core-2.23.4-cp310-cp310-manylinux_2_5_i686.manylinux1_i686.whl", hash = "sha256:f09e2ff1f17c2b51f2bc76d1cc33da96298f0a036a137f5440ab3ec5360b624f"},
    {file = "pydantic_core-2.23.4-cp310-cp310-musllinux_1_1_aarch64.whl", hash = "sha256:e38e63e6f3d1cec5a27e0afe90a085af8b6806ee208b33030e65b6516353f1a3"},
    {file = "pydantic_core-2.23.4-cp310-cp310-musllinux_1_1_x86_64.whl", hash = "sha256:0dbd8dbed2085ed23b5c04afa29d8fd2771674223135dc9bc937f3c09284d071"},
    {file = "pydantic_core-2.23.4-cp310-none-win32.whl", hash = "sha256:6531b7ca5f951d663c339002e91aaebda765ec7d61b7d1e3991051906ddde119"},
    {file = "pydantic_core-2.23.4-cp310-none-win_amd64.whl", hash = "sha256:7c9129eb40958b3d4500fa2467e6a83356b3b61bfff1b414c7361d9220f9ae8f"},
    {file = "pydantic_core-2.23.4-cp311-cp311-macosx_10_12_x86_64.whl", hash = "sha256:77733e3892bb0a7fa797826361ce8a9184d25c8dffaec60b7ffe928153680ba8"},
    {file = "pydantic_core-2.23.4-cp311-cp311-macosx_11_0_arm64.whl", hash = "sha256:1b84d168f6c48fabd1f2027a3d1bdfe62f92cade1fb273a5d68e621da0e44e6d"},
    {file = "pydantic_core-2.23.4-cp311-cp311-manylinux_2_17_aarch64.manylinux2014_aarch64.whl", hash = "sha256:df49e7a0861a8c36d089c1ed57d308623d60416dab2647a4a17fe050ba85de0e"},
    {file = "pydantic_core-2.23.4-cp311-cp311-manylinux_2_17_armv7l.manylinux2014_armv7l.whl", hash = "sha256:ff02b6d461a6de369f07ec15e465a88895f3223eb75073ffea56b84d9331f607"},
    {file = "pydantic_core-2.23.4-cp311-cp311-manylinux_2_17_ppc64le.manylinux2014_ppc64le.whl", hash = "sha256:996a38a83508c54c78a5f41456b0103c30508fed9abcad0a59b876d7398f25fd"},
    {file = "pydantic_core-2.23.4-cp311-cp311-manylinux_2_17_s390x.manylinux2014_s390x.whl", hash = "sha256:d97683ddee4723ae8c95d1eddac7c192e8c552da0c73a925a89fa8649bf13eea"},
    {file = "pydantic_core-2.23.4-cp311-cp311-manylinux_2_17_x86_64.manylinux2014_x86_64.whl", hash = "sha256:216f9b2d7713eb98cb83c80b9c794de1f6b7e3145eef40400c62e86cee5f4e1e"},
    {file = "pydantic_core-2.23.4-cp311-cp311-manylinux_2_5_i686.manylinux1_i686.whl", hash = "sha256:6f783e0ec4803c787bcea93e13e9932edab72068f68ecffdf86a99fd5918878b"},
    {file = "pydantic_core-2.23.4-cp311-cp311-musllinux_1_1_aarch64.whl", hash = "sha256:d0776dea117cf5272382634bd2a5c1b6eb16767c223c6a5317cd3e2a757c61a0"},
    {file = "pydantic_core-2.23.4-cp311-cp311-musllinux_1_1_x86_64.whl", hash = "sha256:d5f7a395a8cf1621939692dba2a6b6a830efa6b3cee787d82c7de1ad2930de64"},
    {file = "pydantic_core-2.23.4-cp311-none-win32.whl", hash = "sha256:74b9127ffea03643e998e0c5ad9bd3811d3dac8c676e47db17b0ee7c3c3bf35f"},
    {file = "pydantic_core-2.23.4-cp311-none-win_amd64.whl", hash = "sha256:98d134c954828488b153d88ba1f34e14259284f256180ce659e8d83e9c05eaa3"},
    {file = "pydantic_core-2.23.4-cp312-cp312-macosx_10_12_x86_64.whl", hash = "sha256:f3e0da4ebaef65158d4dfd7d3678aad692f7666877df0002b8a522cdf088f231"},
    {file = "pydantic_core-2.23.4-cp312-cp312-macosx_11_0_arm64.whl", hash = "sha256:f69a8e0b033b747bb3e36a44e7732f0c99f7edd5cea723d45bc0d6e95377ffee"},
    {file = "pydantic_core-2.23.4-cp312-cp312-manylinux_2_17_aarch64.manylinux2014_aarch64.whl", hash = "sha256:723314c1d51722ab28bfcd5240d858512ffd3116449c557a1336cbe3919beb87"},
    {file = "pydantic_core-2.23.4-cp312-cp312-manylinux_2_17_armv7l.manylinux2014_armv7l.whl", hash = "sha256:bb2802e667b7051a1bebbfe93684841cc9351004e2badbd6411bf357ab8d5ac8"},
    {file = "pydantic_core-2.23.4-cp312-cp312-manylinux_2_17_ppc64le.manylinux2014_ppc64le.whl", hash = "sha256:d18ca8148bebe1b0a382a27a8ee60350091a6ddaf475fa05ef50dc35b5df6327"},
    {file = "pydantic_core-2.23.4-cp312-cp312-manylinux_2_17_s390x.manylinux2014_s390x.whl", hash = "sha256:33e3d65a85a2a4a0dc3b092b938a4062b1a05f3a9abde65ea93b233bca0e03f2"},
    {file = "pydantic_core-2.23.4-cp312-cp312-manylinux_2_17_x86_64.manylinux2014_x86_64.whl", hash = "sha256:128585782e5bfa515c590ccee4b727fb76925dd04a98864182b22e89a4e6ed36"},
    {file = "pydantic_core-2.23.4-cp312-cp312-manylinux_2_5_i686.manylinux1_i686.whl", hash = "sha256:68665f4c17edcceecc112dfed5dbe6f92261fb9d6054b47d01bf6371a6196126"},
    {file = "pydantic_core-2.23.4-cp312-cp312-musllinux_1_1_aarch64.whl", hash = "sha256:20152074317d9bed6b7a95ade3b7d6054845d70584216160860425f4fbd5ee9e"},
    {file = "pydantic_core-2.23.4-cp312-cp312-musllinux_1_1_x86_64.whl", hash = "sha256:9261d3ce84fa1d38ed649c3638feefeae23d32ba9182963e465d58d62203bd24"},
    {file = "pydantic_core-2.23.4-cp312-none-win32.whl", hash = "sha256:4ba762ed58e8d68657fc1281e9bb72e1c3e79cc5d464be146e260c541ec12d84"},
    {file = "pydantic_core-2.23.4-cp312-none-win_amd64.whl", hash = "sha256:97df63000f4fea395b2824da80e169731088656d1818a11b95f3b173747b6cd9"},
    {file = "pydantic_core-2.23.4-cp313-cp313-macosx_10_12_x86_64.whl", hash = "sha256:7530e201d10d7d14abce4fb54cfe5b94a0aefc87da539d0346a484ead376c3cc"},
    {file = "pydantic_core-2.23.4-cp313-cp313-macosx_11_0_arm64.whl", hash = "sha256:df933278128ea1cd77772673c73954e53a1c95a4fdf41eef97c2b779271bd0bd"},
    {file = "pydantic_core-2.23.4-cp313-cp313-manylinux_2_17_aarch64.manylinux2014_aarch64.whl", hash = "sha256:0cb3da3fd1b6a5d0279a01877713dbda118a2a4fc6f0d821a57da2e464793f05"},
    {file = "pydantic_core-2.23.4-cp313-cp313-manylinux_2_17_armv7l.manylinux2014_armv7l.whl", hash = "sha256:42c6dcb030aefb668a2b7009c85b27f90e51e6a3b4d5c9bc4c57631292015b0d"},
    {file = "pydantic_core-2.23.4-cp313-cp313-manylinux_2_17_ppc64le.manylinux2014_ppc64le.whl", hash = "sha256:696dd8d674d6ce621ab9d45b205df149399e4bb9aa34102c970b721554828510"},
    {file = "pydantic_core-2.23.4-cp313-cp313-manylinux_2_17_s390x.manylinux2014_s390x.whl", hash = "sha256:2971bb5ffe72cc0f555c13e19b23c85b654dd2a8f7ab493c262071377bfce9f6"},
    {file = "pydantic_core-2.23.4-cp313-cp313-manylinux_2_17_x86_64.manylinux2014_x86_64.whl", hash = "sha256:8394d940e5d400d04cad4f75c0598665cbb81aecefaca82ca85bd28264af7f9b"},
    {file = "pydantic_core-2.23.4-cp313-cp313-manylinux_2_5_i686.manylinux1_i686.whl", hash = "sha256:0dff76e0602ca7d4cdaacc1ac4c005e0ce0dcfe095d5b5259163a80d3a10d327"},
    {file = "pydantic_core-2.23.4-cp313-cp313-musllinux_1_1_aarch64.whl", hash = "sha256:7d32706badfe136888bdea71c0def994644e09fff0bfe47441deaed8e96fdbc6"},
    {file = "pydantic_core-2.23.4-cp313-cp313-musllinux_1_1_x86_64.whl", hash = "sha256:ed541d70698978a20eb63d8c5d72f2cc6d7079d9d90f6b50bad07826f1320f5f"},
    {file = "pydantic_core-2.23.4-cp313-none-win32.whl", hash = "sha256:3d5639516376dce1940ea36edf408c554475369f5da2abd45d44621cb616f769"},
    {file = "pydantic_core-2.23.4-cp313-none-win_amd64.whl", hash = "sha256:5a1504ad17ba4210df3a045132a7baeeba5a200e930f57512ee02909fc5c4cb5"},
    {file = "pydantic_core-2.23.4-cp38-cp38-macosx_10_12_x86_64.whl", hash = "sha256:d4488a93b071c04dc20f5cecc3631fc78b9789dd72483ba15d423b5b3689b555"},
    {file = "pydantic_core-2.23.4-cp38-cp38-macosx_11_0_arm64.whl", hash = "sha256:81965a16b675b35e1d09dd14df53f190f9129c0202356ed44ab2728b1c905658"},
    {file = "pydantic_core-2.23.4-cp38-cp38-manylinux_2_17_aarch64.manylinux2014_aarch64.whl", hash = "sha256:4ffa2ebd4c8530079140dd2d7f794a9d9a73cbb8e9d59ffe24c63436efa8f271"},
    {file = "pydantic_core-2.23.4-cp38-cp38-manylinux_2_17_armv7l.manylinux2014_armv7l.whl", hash = "sha256:61817945f2fe7d166e75fbfb28004034b48e44878177fc54d81688e7b85a3665"},
    {file = "pydantic_core-2.23.4-cp38-cp38-manylinux_2_17_ppc64le.manylinux2014_ppc64le.whl", hash = "sha256:29d2c342c4bc01b88402d60189f3df065fb0dda3654744d5a165a5288a657368"},
    {file = "pydantic_core-2.23.4-cp38-cp38-manylinux_2_17_s390x.manylinux2014_s390x.whl", hash = "sha256:5e11661ce0fd30a6790e8bcdf263b9ec5988e95e63cf901972107efc49218b13"},
    {file = "pydantic_core-2.23.4-cp38-cp38-manylinux_2_17_x86_64.manylinux2014_x86_64.whl", hash = "sha256:9d18368b137c6295db49ce7218b1a9ba15c5bc254c96d7c9f9e924a9bc7825ad"},
    {file = "pydantic_core-2.23.4-cp38-cp38-manylinux_2_5_i686.manylinux1_i686.whl", hash = "sha256:ec4e55f79b1c4ffb2eecd8a0cfba9955a2588497d96851f4c8f99aa4a1d39b12"},
    {file = "pydantic_core-2.23.4-cp38-cp38-musllinux_1_1_aarch64.whl", hash = "sha256:374a5e5049eda9e0a44c696c7ade3ff355f06b1fe0bb945ea3cac2bc336478a2"},
    {file = "pydantic_core-2.23.4-cp38-cp38-musllinux_1_1_x86_64.whl", hash = "sha256:5c364564d17da23db1106787675fc7af45f2f7b58b4173bfdd105564e132e6fb"},
    {file = "pydantic_core-2.23.4-cp38-none-win32.whl", hash = "sha256:d7a80d21d613eec45e3d41eb22f8f94ddc758a6c4720842dc74c0581f54993d6"},
    {file = "pydantic_core-2.23.4-cp38-none-win_amd64.whl", hash = "sha256:5f5ff8d839f4566a474a969508fe1c5e59c31c80d9e140566f9a37bba7b8d556"},
    {file = "pydantic_core-2.23.4-cp39-cp39-macosx_10_12_x86_64.whl", hash = "sha256:a4fa4fc04dff799089689f4fd502ce7d59de529fc2f40a2c8836886c03e0175a"},
    {file = "pydantic_core-2.23.4-cp39-cp39-macosx_11_0_arm64.whl", hash = "sha256:0a7df63886be5e270da67e0966cf4afbae86069501d35c8c1b3b6c168f42cb36"},
    {file = "pydantic_core-2.23.4-cp39-cp39-manylinux_2_17_aarch64.manylinux2014_aarch64.whl", hash = "sha256:dcedcd19a557e182628afa1d553c3895a9f825b936415d0dbd3cd0bbcfd29b4b"},
    {file = "pydantic_core-2.23.4-cp39-cp39-manylinux_2_17_armv7l.manylinux2014_armv7l.whl", hash = "sha256:5f54b118ce5de9ac21c363d9b3caa6c800341e8c47a508787e5868c6b79c9323"},
    {file = "pydantic_core-2.23.4-cp39-cp39-manylinux_2_17_ppc64le.manylinux2014_ppc64le.whl", hash = "sha256:86d2f57d3e1379a9525c5ab067b27dbb8a0642fb5d454e17a9ac434f9ce523e3"},
    {file = "pydantic_core-2.23.4-cp39-cp39-manylinux_2_17_s390x.manylinux2014_s390x.whl", hash = "sha256:de6d1d1b9e5101508cb37ab0d972357cac5235f5c6533d1071964c47139257df"},
    {file = "pydantic_core-2.23.4-cp39-cp39-manylinux_2_17_x86_64.manylinux2014_x86_64.whl", hash = "sha256:1278e0d324f6908e872730c9102b0112477a7f7cf88b308e4fc36ce1bdb6d58c"},
    {file = "pydantic_core-2.23.4-cp39-cp39-manylinux_2_5_i686.manylinux1_i686.whl", hash = "sha256:9a6b5099eeec78827553827f4c6b8615978bb4b6a88e5d9b93eddf8bb6790f55"},
    {file = "pydantic_core-2.23.4-cp39-cp39-musllinux_1_1_aarch64.whl", hash = "sha256:e55541f756f9b3ee346b840103f32779c695a19826a4c442b7954550a0972040"},
    {file = "pydantic_core-2.23.4-cp39-cp39-musllinux_1_1_x86_64.whl", hash = "sha256:a5c7ba8ffb6d6f8f2ab08743be203654bb1aaa8c9dcb09f82ddd34eadb695605"},
    {file = "pydantic_core-2.23.4-cp39-none-win32.whl", hash = "sha256:37b0fe330e4a58d3c58b24d91d1eb102aeec675a3db4c292ec3928ecd892a9a6"},
    {file = "pydantic_core-2.23.4-cp39-none-win_amd64.whl", hash = "sha256:1498bec4c05c9c787bde9125cfdcc63a41004ff167f495063191b863399b1a29"},
    {file = "pydantic_core-2.23.4-pp310-pypy310_pp73-macosx_10_12_x86_64.whl", hash = "sha256:f455ee30a9d61d3e1a15abd5068827773d6e4dc513e795f380cdd59932c782d5"},
    {file = "pydantic_core-2.23.4-pp310-pypy310_pp73-macosx_11_0_arm64.whl", hash = "sha256:1e90d2e3bd2c3863d48525d297cd143fe541be8bbf6f579504b9712cb6b643ec"},
    {file = "pydantic_core-2.23.4-pp310-pypy310_pp73-manylinux_2_17_aarch64.manylinux2014_aarch64.whl", hash = "sha256:2e203fdf807ac7e12ab59ca2bfcabb38c7cf0b33c41efeb00f8e5da1d86af480"},
    {file = "pydantic_core-2.23.4-pp310-pypy310_pp73-manylinux_2_17_x86_64.manylinux2014_x86_64.whl", hash = "sha256:e08277a400de01bc72436a0ccd02bdf596631411f592ad985dcee21445bd0068"},
    {file = "pydantic_core-2.23.4-pp310-pypy310_pp73-manylinux_2_5_i686.manylinux1_i686.whl", hash = "sha256:f220b0eea5965dec25480b6333c788fb72ce5f9129e8759ef876a1d805d00801"},
    {file = "pydantic_core-2.23.4-pp310-pypy310_pp73-musllinux_1_1_aarch64.whl", hash = "sha256:d06b0c8da4f16d1d1e352134427cb194a0a6e19ad5db9161bf32b2113409e728"},
    {file = "pydantic_core-2.23.4-pp310-pypy310_pp73-musllinux_1_1_x86_64.whl", hash = "sha256:ba1a0996f6c2773bd83e63f18914c1de3c9dd26d55f4ac302a7efe93fb8e7433"},
    {file = "pydantic_core-2.23.4-pp310-pypy310_pp73-win_amd64.whl", hash = "sha256:9a5bce9d23aac8f0cf0836ecfc033896aa8443b501c58d0602dbfd5bd5b37753"},
    {file = "pydantic_core-2.23.4-pp39-pypy39_pp73-macosx_10_12_x86_64.whl", hash = "sha256:78ddaaa81421a29574a682b3179d4cf9e6d405a09b99d93ddcf7e5239c742e21"},
    {file = "pydantic_core-2.23.4-pp39-pypy39_pp73-macosx_11_0_arm64.whl", hash = "sha256:883a91b5dd7d26492ff2f04f40fbb652de40fcc0afe07e8129e8ae779c2110eb"},
    {file = "pydantic_core-2.23.4-pp39-pypy39_pp73-manylinux_2_17_aarch64.manylinux2014_aarch64.whl", hash = "sha256:88ad334a15b32a791ea935af224b9de1bf99bcd62fabf745d5f3442199d86d59"},
    {file = "pydantic_core-2.23.4-pp39-pypy39_pp73-manylinux_2_17_x86_64.manylinux2014_x86_64.whl", hash = "sha256:233710f069d251feb12a56da21e14cca67994eab08362207785cf8c598e74577"},
    {file = "pydantic_core-2.23.4-pp39-pypy39_pp73-manylinux_2_5_i686.manylinux1_i686.whl", hash = "sha256:19442362866a753485ba5e4be408964644dd6a09123d9416c54cd49171f50744"},
    {file = "pydantic_core-2.23.4-pp39-pypy39_pp73-musllinux_1_1_aarch64.whl", hash = "sha256:624e278a7d29b6445e4e813af92af37820fafb6dcc55c012c834f9e26f9aaaef"},
    {file = "pydantic_core-2.23.4-pp39-pypy39_pp73-musllinux_1_1_x86_64.whl", hash = "sha256:f5ef8f42bec47f21d07668a043f077d507e5bf4e668d5c6dfe6aaba89de1a5b8"},
    {file = "pydantic_core-2.23.4-pp39-pypy39_pp73-win_amd64.whl", hash = "sha256:aea443fffa9fbe3af1a9ba721a87f926fe548d32cab71d188a6ede77d0ff244e"},
    {file = "pydantic_core-2.23.4.tar.gz", hash = "sha256:2584f7cf844ac4d970fba483a717dbe10c1c1c96a969bf65d61ffe94df1b2863"},
]

[package.dependencies]
typing-extensions = ">=4.6.0,<4.7.0 || >4.7.0"

[[package]]
name = "python-frontmatter"
version = "1.1.0"
description = "Parse and manage posts with YAML (or other) frontmatter"
optional = false
python-versions = "*"
files = [
    {file = "python-frontmatter-1.1.0.tar.gz", hash = "sha256:7118d2bd56af9149625745c58c9b51fb67e8d1294a0c76796dafdc72c36e5f6d"},
    {file = "python_frontmatter-1.1.0-py3-none-any.whl", hash = "sha256:335465556358d9d0e6c98bbeb69b1c969f2a4a21360587b9873bfc3b213407c1"},
]

[package.dependencies]
PyYAML = "*"

[package.extras]
docs = ["sphinx"]
test = ["mypy", "pyaml", "pytest", "toml", "types-PyYAML", "types-toml"]

[[package]]
name = "pyyaml"
version = "6.0.2"
description = "YAML parser and emitter for Python"
optional = false
python-versions = ">=3.8"
files = [
    {file = "PyYAML-6.0.2-cp310-cp310-macosx_10_9_x86_64.whl", hash = "sha256:0a9a2848a5b7feac301353437eb7d5957887edbf81d56e903999a75a3d743086"},
    {file = "PyYAML-6.0.2-cp310-cp310-macosx_11_0_arm64.whl", hash = "sha256:29717114e51c84ddfba879543fb232a6ed60086602313ca38cce623c1d62cfbf"},
    {file = "PyYAML-6.0.2-cp310-cp310-manylinux_2_17_aarch64.manylinux2014_aarch64.whl", hash = "sha256:8824b5a04a04a047e72eea5cec3bc266db09e35de6bdfe34c9436ac5ee27d237"},
    {file = "PyYAML-6.0.2-cp310-cp310-manylinux_2_17_s390x.manylinux2014_s390x.whl", hash = "sha256:7c36280e6fb8385e520936c3cb3b8042851904eba0e58d277dca80a5cfed590b"},
    {file = "PyYAML-6.0.2-cp310-cp310-manylinux_2_17_x86_64.manylinux2014_x86_64.whl", hash = "sha256:ec031d5d2feb36d1d1a24380e4db6d43695f3748343d99434e6f5f9156aaa2ed"},
    {file = "PyYAML-6.0.2-cp310-cp310-musllinux_1_1_aarch64.whl", hash = "sha256:936d68689298c36b53b29f23c6dbb74de12b4ac12ca6cfe0e047bedceea56180"},
    {file = "PyYAML-6.0.2-cp310-cp310-musllinux_1_1_x86_64.whl", hash = "sha256:23502f431948090f597378482b4812b0caae32c22213aecf3b55325e049a6c68"},
    {file = "PyYAML-6.0.2-cp310-cp310-win32.whl", hash = "sha256:2e99c6826ffa974fe6e27cdb5ed0021786b03fc98e5ee3c5bfe1fd5015f42b99"},
    {file = "PyYAML-6.0.2-cp310-cp310-win_amd64.whl", hash = "sha256:a4d3091415f010369ae4ed1fc6b79def9416358877534caf6a0fdd2146c87a3e"},
    {file = "PyYAML-6.0.2-cp311-cp311-macosx_10_9_x86_64.whl", hash = "sha256:cc1c1159b3d456576af7a3e4d1ba7e6924cb39de8f67111c735f6fc832082774"},
    {file = "PyYAML-6.0.2-cp311-cp311-macosx_11_0_arm64.whl", hash = "sha256:1e2120ef853f59c7419231f3bf4e7021f1b936f6ebd222406c3b60212205d2ee"},
    {file = "PyYAML-6.0.2-cp311-cp311-manylinux_2_17_aarch64.manylinux2014_aarch64.whl", hash = "sha256:5d225db5a45f21e78dd9358e58a98702a0302f2659a3c6cd320564b75b86f47c"},
    {file = "PyYAML-6.0.2-cp311-cp311-manylinux_2_17_s390x.manylinux2014_s390x.whl", hash = "sha256:5ac9328ec4831237bec75defaf839f7d4564be1e6b25ac710bd1a96321cc8317"},
    {file = "PyYAML-6.0.2-cp311-cp311-manylinux_2_17_x86_64.manylinux2014_x86_64.whl", hash = "sha256:3ad2a3decf9aaba3d29c8f537ac4b243e36bef957511b4766cb0057d32b0be85"},
    {file = "PyYAML-6.0.2-cp311-cp311-musllinux_1_1_aarch64.whl", hash = "sha256:ff3824dc5261f50c9b0dfb3be22b4567a6f938ccce4587b38952d85fd9e9afe4"},
    {file = "PyYAML-6.0.2-cp311-cp311-musllinux_1_1_x86_64.whl", hash = "sha256:797b4f722ffa07cc8d62053e4cff1486fa6dc094105d13fea7b1de7d8bf71c9e"},
    {file = "PyYAML-6.0.2-cp311-cp311-win32.whl", hash = "sha256:11d8f3dd2b9c1207dcaf2ee0bbbfd5991f571186ec9cc78427ba5bd32afae4b5"},
    {file = "PyYAML-6.0.2-cp311-cp311-win_amd64.whl", hash = "sha256:e10ce637b18caea04431ce14fabcf5c64a1c61ec9c56b071a4b7ca131ca52d44"},
    {file = "PyYAML-6.0.2-cp312-cp312-macosx_10_9_x86_64.whl", hash = "sha256:c70c95198c015b85feafc136515252a261a84561b7b1d51e3384e0655ddf25ab"},
    {file = "PyYAML-6.0.2-cp312-cp312-macosx_11_0_arm64.whl", hash = "sha256:ce826d6ef20b1bc864f0a68340c8b3287705cae2f8b4b1d932177dcc76721725"},
    {file = "PyYAML-6.0.2-cp312-cp312-manylinux_2_17_aarch64.manylinux2014_aarch64.whl", hash = "sha256:1f71ea527786de97d1a0cc0eacd1defc0985dcf6b3f17bb77dcfc8c34bec4dc5"},
    {file = "PyYAML-6.0.2-cp312-cp312-manylinux_2_17_s390x.manylinux2014_s390x.whl", hash = "sha256:9b22676e8097e9e22e36d6b7bda33190d0d400f345f23d4065d48f4ca7ae0425"},
    {file = "PyYAML-6.0.2-cp312-cp312-manylinux_2_17_x86_64.manylinux2014_x86_64.whl", hash = "sha256:80bab7bfc629882493af4aa31a4cfa43a4c57c83813253626916b8c7ada83476"},
    {file = "PyYAML-6.0.2-cp312-cp312-musllinux_1_1_aarch64.whl", hash = "sha256:0833f8694549e586547b576dcfaba4a6b55b9e96098b36cdc7ebefe667dfed48"},
    {file = "PyYAML-6.0.2-cp312-cp312-musllinux_1_1_x86_64.whl", hash = "sha256:8b9c7197f7cb2738065c481a0461e50ad02f18c78cd75775628afb4d7137fb3b"},
    {file = "PyYAML-6.0.2-cp312-cp312-win32.whl", hash = "sha256:ef6107725bd54b262d6dedcc2af448a266975032bc85ef0172c5f059da6325b4"},
    {file = "PyYAML-6.0.2-cp312-cp312-win_amd64.whl", hash = "sha256:7e7401d0de89a9a855c839bc697c079a4af81cf878373abd7dc625847d25cbd8"},
    {file = "PyYAML-6.0.2-cp313-cp313-macosx_10_13_x86_64.whl", hash = "sha256:efdca5630322a10774e8e98e1af481aad470dd62c3170801852d752aa7a783ba"},
    {file = "PyYAML-6.0.2-cp313-cp313-macosx_11_0_arm64.whl", hash = "sha256:50187695423ffe49e2deacb8cd10510bc361faac997de9efef88badc3bb9e2d1"},
    {file = "PyYAML-6.0.2-cp313-cp313-manylinux_2_17_aarch64.manylinux2014_aarch64.whl", hash = "sha256:0ffe8360bab4910ef1b9e87fb812d8bc0a308b0d0eef8c8f44e0254ab3b07133"},
    {file = "PyYAML-6.0.2-cp313-cp313-manylinux_2_17_s390x.manylinux2014_s390x.whl", hash = "sha256:17e311b6c678207928d649faa7cb0d7b4c26a0ba73d41e99c4fff6b6c3276484"},
    {file = "PyYAML-6.0.2-cp313-cp313-manylinux_2_17_x86_64.manylinux2014_x86_64.whl", hash = "sha256:70b189594dbe54f75ab3a1acec5f1e3faa7e8cf2f1e08d9b561cb41b845f69d5"},
    {file = "PyYAML-6.0.2-cp313-cp313-musllinux_1_1_aarch64.whl", hash = "sha256:41e4e3953a79407c794916fa277a82531dd93aad34e29c2a514c2c0c5fe971cc"},
    {file = "PyYAML-6.0.2-cp313-cp313-musllinux_1_1_x86_64.whl", hash = "sha256:68ccc6023a3400877818152ad9a1033e3db8625d899c72eacb5a668902e4d652"},
    {file = "PyYAML-6.0.2-cp313-cp313-win32.whl", hash = "sha256:bc2fa7c6b47d6bc618dd7fb02ef6fdedb1090ec036abab80d4681424b84c1183"},
    {file = "PyYAML-6.0.2-cp313-cp313-win_amd64.whl", hash = "sha256:8388ee1976c416731879ac16da0aff3f63b286ffdd57cdeb95f3f2e085687563"},
    {file = "PyYAML-6.0.2-cp38-cp38-macosx_10_9_x86_64.whl", hash = "sha256:24471b829b3bf607e04e88d79542a9d48bb037c2267d7927a874e6c205ca7e9a"},
    {file = "PyYAML-6.0.2-cp38-cp38-manylinux_2_17_aarch64.manylinux2014_aarch64.whl", hash = "sha256:d7fded462629cfa4b685c5416b949ebad6cec74af5e2d42905d41e257e0869f5"},
    {file = "PyYAML-6.0.2-cp38-cp38-manylinux_2_17_s390x.manylinux2014_s390x.whl", hash = "sha256:d84a1718ee396f54f3a086ea0a66d8e552b2ab2017ef8b420e92edbc841c352d"},
    {file = "PyYAML-6.0.2-cp38-cp38-manylinux_2_17_x86_64.manylinux2014_x86_64.whl", hash = "sha256:9056c1ecd25795207ad294bcf39f2db3d845767be0ea6e6a34d856f006006083"},
    {file = "PyYAML-6.0.2-cp38-cp38-musllinux_1_1_x86_64.whl", hash = "sha256:82d09873e40955485746739bcb8b4586983670466c23382c19cffecbf1fd8706"},
    {file = "PyYAML-6.0.2-cp38-cp38-win32.whl", hash = "sha256:43fa96a3ca0d6b1812e01ced1044a003533c47f6ee8aca31724f78e93ccc089a"},
    {file = "PyYAML-6.0.2-cp38-cp38-win_amd64.whl", hash = "sha256:01179a4a8559ab5de078078f37e5c1a30d76bb88519906844fd7bdea1b7729ff"},
    {file = "PyYAML-6.0.2-cp39-cp39-macosx_10_9_x86_64.whl", hash = "sha256:688ba32a1cffef67fd2e9398a2efebaea461578b0923624778664cc1c914db5d"},
    {file = "PyYAML-6.0.2-cp39-cp39-macosx_11_0_arm64.whl", hash = "sha256:a8786accb172bd8afb8be14490a16625cbc387036876ab6ba70912730faf8e1f"},
    {file = "PyYAML-6.0.2-cp39-cp39-manylinux_2_17_aarch64.manylinux2014_aarch64.whl", hash = "sha256:d8e03406cac8513435335dbab54c0d385e4a49e4945d2909a581c83647ca0290"},
    {file = "PyYAML-6.0.2-cp39-cp39-manylinux_2_17_s390x.manylinux2014_s390x.whl", hash = "sha256:f753120cb8181e736c57ef7636e83f31b9c0d1722c516f7e86cf15b7aa57ff12"},
    {file = "PyYAML-6.0.2-cp39-cp39-manylinux_2_17_x86_64.manylinux2014_x86_64.whl", hash = "sha256:3b1fdb9dc17f5a7677423d508ab4f243a726dea51fa5e70992e59a7411c89d19"},
    {file = "PyYAML-6.0.2-cp39-cp39-musllinux_1_1_aarch64.whl", hash = "sha256:0b69e4ce7a131fe56b7e4d770c67429700908fc0752af059838b1cfb41960e4e"},
    {file = "PyYAML-6.0.2-cp39-cp39-musllinux_1_1_x86_64.whl", hash = "sha256:a9f8c2e67970f13b16084e04f134610fd1d374bf477b17ec1599185cf611d725"},
    {file = "PyYAML-6.0.2-cp39-cp39-win32.whl", hash = "sha256:6395c297d42274772abc367baaa79683958044e5d3835486c16da75d2a694631"},
    {file = "PyYAML-6.0.2-cp39-cp39-win_amd64.whl", hash = "sha256:39693e1f8320ae4f43943590b49779ffb98acb81f788220ea932a6b6c51004d8"},
    {file = "pyyaml-6.0.2.tar.gz", hash = "sha256:d584d9ec91ad65861cc08d42e834324ef890a082e591037abe114850ff7bbc3e"},
]

[[package]]
name = "sniffio"
version = "1.3.1"
description = "Sniff out which async library your code is running under"
optional = false
python-versions = ">=3.7"
files = [
    {file = "sniffio-1.3.1-py3-none-any.whl", hash = "sha256:2f6da418d1f1e0fddd844478f41680e794e6051915791a034ff65e5f100525a2"},
    {file = "sniffio-1.3.1.tar.gz", hash = "sha256:f4324edc670a0f49750a81b895f35c3adb843cca46f0530f79fc1babb23789dc"},
]

[[package]]
name = "tqdm"
version = "4.66.5"
description = "Fast, Extensible Progress Meter"
optional = false
python-versions = ">=3.7"
files = [
    {file = "tqdm-4.66.5-py3-none-any.whl", hash = "sha256:90279a3770753eafc9194a0364852159802111925aa30eb3f9d85b0e805ac7cd"},
    {file = "tqdm-4.66.5.tar.gz", hash = "sha256:e1020aef2e5096702d8a025ac7d16b1577279c9d63f8375b63083e9a5f0fcbad"},
]

[package.dependencies]
colorama = {version = "*", markers = "platform_system == \"Windows\""}

[package.extras]
dev = ["pytest (>=6)", "pytest-cov", "pytest-timeout", "pytest-xdist"]
notebook = ["ipywidgets (>=6)"]
slack = ["slack-sdk"]
telegram = ["requests"]

[[package]]
name = "typing-extensions"
version = "4.12.2"
description = "Backported and Experimental Type Hints for Python 3.8+"
optional = false
python-versions = ">=3.8"
files = [
    {file = "typing_extensions-4.12.2-py3-none-any.whl", hash = "sha256:04e5ca0351e0f3f85c6853954072df659d0d13fac324d0072316b67d7794700d"},
    {file = "typing_extensions-4.12.2.tar.gz", hash = "sha256:1a7ead55c7e559dd4dee8856e3a88b41225abfe1ce8df57b7c13915fe121ffb8"},
]

[metadata]
lock-version = "2.0"
python-versions = "^3.11"
content-hash = "513740db76bdf975b5254e0a333c57e3756ce7f4fb244e24214c04be1f8da605"
